{
  "name": "banxaas",
  "lockfileVersion": 2,
  "requires": true,
  "packages": {
    "": {
      "dependencies": {
        "ngx-clipboard": "^15.1.0"
      }
    },
    "node_modules/@angular/common": {
      "version": "14.0.2",
      "resolved": "https://registry.npmjs.org/@angular/common/-/common-14.0.2.tgz",
      "integrity": "sha512-vNZpun9ymZEDJ0CWskTZZqCbuCumgYxbsZgp9nALnRAJt3fK8fRFgIZTn7smEXvbStL4PvngnvESa/t9Jd4wMg==",
      "peer": true,
      "dependencies": {
        "tslib": "^2.3.0"
      },
      "engines": {
        "node": "^14.15.0 || >=16.10.0"
      },
      "peerDependencies": {
        "@angular/core": "14.0.2",
        "rxjs": "^6.5.3 || ^7.4.0"
      }
    },
    "node_modules/@angular/core": {
      "version": "14.0.2",
      "resolved": "https://registry.npmjs.org/@angular/core/-/core-14.0.2.tgz",
      "integrity": "sha512-JR+xVuNjGYEP5mdm3iQykcRFjrhSKbN5yxKxlVdKpNtUsR2Yc9Nf180Y2+Oo6KabtywGedIBH/Xd6mhwQQv3vg==",
      "peer": true,
      "dependencies": {
        "tslib": "^2.3.0"
      },
      "engines": {
        "node": "^14.15.0 || >=16.10.0"
      },
      "peerDependencies": {
        "rxjs": "^6.5.3 || ^7.4.0",
        "zone.js": "~0.11.4"
      }
    },
    "node_modules/ngx-clipboard": {
      "version": "15.1.0",
      "resolved": "https://registry.npmjs.org/ngx-clipboard/-/ngx-clipboard-15.1.0.tgz",
      "integrity": "sha512-dUJl1cNtdkCqL953oAhP7wmUPFrqW2aDg5OPhwPU9R3cLEdQgU2NbsHEUz4zaPyEopTXu8SR37onVm1Ep8qOHg==",
      "dependencies": {
        "ngx-window-token": ">=6.0.0",
        "tslib": "^2.0.0"
      },
      "peerDependencies": {
        "@angular/common": ">=13.0.0",
        "@angular/core": ">=13.0.0"
      }
    },
    "node_modules/ngx-window-token": {
      "version": "6.0.0",
      "resolved": "https://registry.npmjs.org/ngx-window-token/-/ngx-window-token-6.0.0.tgz",
      "integrity": "sha512-IeLKO1jzfzSvZ6vlAt4QSY/B5XcHEhdOwTjqvWEPt6/esWV9T3mA2ln10kj6SCc9pUSx4NybxE10gcyyYroImg==",
      "dependencies": {
        "tslib": "^2.0.0"
      },
      "engines": {
        "node": ">=12.20.x"
      },
      "peerDependencies": {
        "@angular/common": ">=13.0.0",
        "@angular/core": ">=13.0.0"
      }
    },
    "node_modules/rxjs": {
      "version": "7.5.5",
      "resolved": "https://registry.npmjs.org/rxjs/-/rxjs-7.5.5.tgz",
      "integrity": "sha512-sy+H0pQofO95VDmFLzyaw9xNJU4KTRSwQIGM6+iG3SypAtCiLDzpeG8sJrNCWn2Up9km+KhkvTdbkrdy+yzZdw==",
      "peer": true,
      "dependencies": {
        "tslib": "^2.1.0"
      }
    },
    "node_modules/tslib": {
      "version": "2.4.0",
      "resolved": "https://registry.npmjs.org/tslib/-/tslib-2.4.0.tgz",
      "integrity": "sha512-d6xOpEDfsi2CZVlPQzGeux8XMwLT9hssAsaPYExaQMuYskwb+x1x7J371tWlbBdWHroy99KnVB6qIkUbs5X3UQ=="
    },
    "node_modules/zone.js": {
      "version": "0.11.6",
      "resolved": "https://registry.npmjs.org/zone.js/-/zone.js-0.11.6.tgz",
      "integrity": "sha512-umJqFtKyZlPli669gB1gOrRE9hxUUGkZr7mo878z+NEBJZZixJkKeVYfnoLa7g25SseUDc92OZrMKKHySyJrFg==",
      "peer": true,
      "dependencies": {
        "tslib": "^2.3.0"
      }
    }
  },
  "dependencies": {
    "@angular/common": {
      "version": "14.0.2",
      "resolved": "https://registry.npmjs.org/@angular/common/-/common-14.0.2.tgz",
      "integrity": "sha512-vNZpun9ymZEDJ0CWskTZZqCbuCumgYxbsZgp9nALnRAJt3fK8fRFgIZTn7smEXvbStL4PvngnvESa/t9Jd4wMg==",
      "peer": true,
      "requires": {
        "tslib": "^2.3.0"
      }
    },
    "@angular/core": {
      "version": "14.0.2",
      "resolved": "https://registry.npmjs.org/@angular/core/-/core-14.0.2.tgz",
      "integrity": "sha512-JR+xVuNjGYEP5mdm3iQykcRFjrhSKbN5yxKxlVdKpNtUsR2Yc9Nf180Y2+Oo6KabtywGedIBH/Xd6mhwQQv3vg==",
      "peer": true,
      "requires": {
        "tslib": "^2.3.0"
      }
    },
    "ngx-clipboard": {
      "version": "15.1.0",
      "resolved": "https://registry.npmjs.org/ngx-clipboard/-/ngx-clipboard-15.1.0.tgz",
      "integrity": "sha512-dUJl1cNtdkCqL953oAhP7wmUPFrqW2aDg5OPhwPU9R3cLEdQgU2NbsHEUz4zaPyEopTXu8SR37onVm1Ep8qOHg==",
      "requires": {
        "ngx-window-token": ">=6.0.0",
        "tslib": "^2.0.0"
      }
    },
    "ngx-window-token": {
      "version": "6.0.0",
      "resolved": "https://registry.npmjs.org/ngx-window-token/-/ngx-window-token-6.0.0.tgz",
      "integrity": "sha512-IeLKO1jzfzSvZ6vlAt4QSY/B5XcHEhdOwTjqvWEPt6/esWV9T3mA2ln10kj6SCc9pUSx4NybxE10gcyyYroImg==",
      "requires": {
        "tslib": "^2.0.0"
      }
    },
    "rxjs": {
      "version": "7.5.5",
      "resolved": "https://registry.npmjs.org/rxjs/-/rxjs-7.5.5.tgz",
      "integrity": "sha512-sy+H0pQofO95VDmFLzyaw9xNJU4KTRSwQIGM6+iG3SypAtCiLDzpeG8sJrNCWn2Up9km+KhkvTdbkrdy+yzZdw==",
      "peer": true,
      "requires": {
        "tslib": "^2.1.0"
      }
    },
    "tslib": {
      "version": "2.4.0",
      "resolved": "https://registry.npmjs.org/tslib/-/tslib-2.4.0.tgz",
      "integrity": "sha512-d6xOpEDfsi2CZVlPQzGeux8XMwLT9hssAsaPYExaQMuYskwb+x1x7J371tWlbBdWHroy99KnVB6qIkUbs5X3UQ=="
    },
    "zone.js": {
      "version": "0.11.6",
      "resolved": "https://registry.npmjs.org/zone.js/-/zone.js-0.11.6.tgz",
      "integrity": "sha512-umJqFtKyZlPli669gB1gOrRE9hxUUGkZr7mo878z+NEBJZZixJkKeVYfnoLa7g25SseUDc92OZrMKKHySyJrFg==",
      "peer": true,
      "requires": {
        "tslib": "^2.3.0"
      }
    }
  }
}
